
Microsoft Visual Studio Solution File, Format Version 12.00
# Visual Studio 15
VisualStudioVersion = 15.0.28307.438
MinimumVisualStudioVersion = 10.0.40219.1
Project("{FAE04EC0-301F-11D3-BF4B-00C04F79EFBC}") = "01_Challenge", "01_Challenge\01_Challenge.csproj", "{813AF661-9625-4E79-8380-522F1DFB18E2}"
EndProject
Project("{FAE04EC0-301F-11D3-BF4B-00C04F79EFBC}") = "01_Unit_Tests", "01_Unit_Tests\01_Unit_Tests.csproj", "{51CFA941-B30A-49B3-86E9-C91BEEBA5718}"
EndProject
Project("{FAE04EC0-301F-11D3-BF4B-00C04F79EFBC}") = "02_Challenge", "02_Challenge\02_Challenge.csproj", "{10F38108-02AE-4505-9B9C-642C543C31CF}"
EndProject
Project("{FAE04EC0-301F-11D3-BF4B-00C04F79EFBC}") = "03_Challenge", "03_Challenge\03_Challenge.csproj", "{8BE34F32-1264-4F8A-9E51-A69C6693AAB1}"
EndProject
Project("{FAE04EC0-301F-11D3-BF4B-00C04F79EFBC}") = "04_Challenge", "04_Challenge\04_Challenge.csproj", "{D8501EB7-D1D6-4A24-BD57-A5B6C0E69B99}"
EndProject
Project("{FAE04EC0-301F-11D3-BF4B-00C04F79EFBC}") = "05_Challenge", "05_Challenge\05_Challenge.csproj", "{75A0782D-1C8C-4CB3-B756-2BB5B386524E}"
EndProject
Project("{FAE04EC0-301F-11D3-BF4B-00C04F79EFBC}") = "06_Challenge", "06_Challenge\06_Challenge.csproj", "{157BDE56-B7F3-44DC-8AF5-314FD747C3D2}"
EndProject
Project("{FAE04EC0-301F-11D3-BF4B-00C04F79EFBC}") = "07_Challenge", "07_Challenge\07_Challenge.csproj", "{948EAD9C-268D-4326-97AB-451CEEA9B76E}"
EndProject
Project("{FAE04EC0-301F-11D3-BF4B-00C04F79EFBC}") = "08_Challenge", "08_Challenge\08_Challenge.csproj", "{FEC3D01F-A6EE-4A7B-9CD3-9DEA0E0134CD}"
EndProject
Project("{FAE04EC0-301F-11D3-BF4B-00C04F79EFBC}") = "03_Unit_Tests", "03_Unit_Tests\03_Unit_Tests.csproj", "{0D5AF424-465D-4C83-B99E-738812C2C719}"
EndProject
Project("{FAE04EC0-301F-11D3-BF4B-00C04F79EFBC}") = "04_Unit_Test", "04_Unit_Test\04_Unit_Test.csproj", "{648FF1C3-135E-43A1-8FD9-BEB4D340B8F6}"
EndProject
Project("{FAE04EC0-301F-11D3-BF4B-00C04F79EFBC}") = "06_Unit_Test", "06_Unit_Test\06_Unit_Test.csproj", "{CCFDDD58-A55C-4A13-AFBB-AE1FDFABD272}"
EndProject
Project("{FAE04EC0-301F-11D3-BF4B-00C04F79EFBC}") = "08_Test", "08_Test\08_Test.csproj", "{4E74C6E0-535D-4795-AFE0-C8B35670C0C8}"
EndProject
Global
	GlobalSection(SolutionConfigurationPlatforms) = preSolution
		Debug|Any CPU = Debug|Any CPU
		Release|Any CPU = Release|Any CPU
	EndGlobalSection
	GlobalSection(ProjectConfigurationPlatforms) = postSolution
		{813AF661-9625-4E79-8380-522F1DFB18E2}.Debug|Any CPU.ActiveCfg = Debug|Any CPU
		{813AF661-9625-4E79-8380-522F1DFB18E2}.Debug|Any CPU.Build.0 = Debug|Any CPU
		{813AF661-9625-4E79-8380-522F1DFB18E2}.Release|Any CPU.ActiveCfg = Release|Any CPU
		{813AF661-9625-4E79-8380-522F1DFB18E2}.Release|Any CPU.Build.0 = Release|Any CPU
		{51CFA941-B30A-49B3-86E9-C91BEEBA5718}.Debug|Any CPU.ActiveCfg = Debug|Any CPU
		{51CFA941-B30A-49B3-86E9-C91BEEBA5718}.Debug|Any CPU.Build.0 = Debug|Any CPU
		{51CFA941-B30A-49B3-86E9-C91BEEBA5718}.Release|Any CPU.ActiveCfg = Release|Any CPU
		{51CFA941-B30A-49B3-86E9-C91BEEBA5718}.Release|Any CPU.Build.0 = Release|Any CPU
		{10F38108-02AE-4505-9B9C-642C543C31CF}.Debug|Any CPU.ActiveCfg = Debug|Any CPU
		{10F38108-02AE-4505-9B9C-642C543C31CF}.Debug|Any CPU.Build.0 = Debug|Any CPU
		{10F38108-02AE-4505-9B9C-642C543C31CF}.Release|Any CPU.ActiveCfg = Release|Any CPU
		{10F38108-02AE-4505-9B9C-642C543C31CF}.Release|Any CPU.Build.0 = Release|Any CPU
		{8BE34F32-1264-4F8A-9E51-A69C6693AAB1}.Debug|Any CPU.ActiveCfg = Debug|Any CPU
		{8BE34F32-1264-4F8A-9E51-A69C6693AAB1}.Debug|Any CPU.Build.0 = Debug|Any CPU
		{8BE34F32-1264-4F8A-9E51-A69C6693AAB1}.Release|Any CPU.ActiveCfg = Release|Any CPU
		{8BE34F32-1264-4F8A-9E51-A69C6693AAB1}.Release|Any CPU.Build.0 = Release|Any CPU
		{D8501EB7-D1D6-4A24-BD57-A5B6C0E69B99}.Debug|Any CPU.ActiveCfg = Debug|Any CPU
		{D8501EB7-D1D6-4A24-BD57-A5B6C0E69B99}.Debug|Any CPU.Build.0 = Debug|Any CPU
		{D8501EB7-D1D6-4A24-BD57-A5B6C0E69B99}.Release|Any CPU.ActiveCfg = Release|Any CPU
		{D8501EB7-D1D6-4A24-BD57-A5B6C0E69B99}.Release|Any CPU.Build.0 = Release|Any CPU
		{75A0782D-1C8C-4CB3-B756-2BB5B386524E}.Debug|Any CPU.ActiveCfg = Debug|Any CPU
		{75A0782D-1C8C-4CB3-B756-2BB5B386524E}.Debug|Any CPU.Build.0 = Debug|Any CPU
		{75A0782D-1C8C-4CB3-B756-2BB5B386524E}.Release|Any CPU.ActiveCfg = Release|Any CPU
		{75A0782D-1C8C-4CB3-B756-2BB5B386524E}.Release|Any CPU.Build.0 = Release|Any CPU
		{157BDE56-B7F3-44DC-8AF5-314FD747C3D2}.Debug|Any CPU.ActiveCfg = Debug|Any CPU
		{157BDE56-B7F3-44DC-8AF5-314FD747C3D2}.Debug|Any CPU.Build.0 = Debug|Any CPU
		{157BDE56-B7F3-44DC-8AF5-314FD747C3D2}.Release|Any CPU.ActiveCfg = Release|Any CPU
		{157BDE56-B7F3-44DC-8AF5-314FD747C3D2}.Release|Any CPU.Build.0 = Release|Any CPU
		{948EAD9C-268D-4326-97AB-451CEEA9B76E}.Debug|Any CPU.ActiveCfg = Debug|Any CPU
		{948EAD9C-268D-4326-97AB-451CEEA9B76E}.Debug|Any CPU.Build.0 = Debug|Any CPU
		{948EAD9C-268D-4326-97AB-451CEEA9B76E}.Release|Any CPU.ActiveCfg = Release|Any CPU
		{948EAD9C-268D-4326-97AB-451CEEA9B76E}.Release|Any CPU.Build.0 = Release|Any CPU
		{FEC3D01F-A6EE-4A7B-9CD3-9DEA0E0134CD}.Debug|Any CPU.ActiveCfg = Debug|Any CPU
		{FEC3D01F-A6EE-4A7B-9CD3-9DEA0E0134CD}.Debug|Any CPU.Build.0 = Debug|Any CPU
		{FEC3D01F-A6EE-4A7B-9CD3-9DEA0E0134CD}.Release|Any CPU.ActiveCfg = Release|Any CPU
		{FEC3D01F-A6EE-4A7B-9CD3-9DEA0E0134CD}.Release|Any CPU.Build.0 = Release|Any CPU
		{0D5AF424-465D-4C83-B99E-738812C2C719}.Debug|Any CPU.ActiveCfg = Debug|Any CPU
		{0D5AF424-465D-4C83-B99E-738812C2C719}.Debug|Any CPU.Build.0 = Debug|Any CPU
		{0D5AF424-465D-4C83-B99E-738812C2C719}.Release|Any CPU.ActiveCfg = Release|Any CPU
		{0D5AF424-465D-4C83-B99E-738812C2C719}.Release|Any CPU.Build.0 = Release|Any CPU
		{648FF1C3-135E-43A1-8FD9-BEB4D340B8F6}.Debug|Any CPU.ActiveCfg = Debug|Any CPU
		{648FF1C3-135E-43A1-8FD9-BEB4D340B8F6}.Debug|Any CPU.Build.0 = Debug|Any CPU
		{648FF1C3-135E-43A1-8FD9-BEB4D340B8F6}.Release|Any CPU.ActiveCfg = Release|Any CPU
		{648FF1C3-135E-43A1-8FD9-BEB4D340B8F6}.Release|Any CPU.Build.0 = Release|Any CPU
		{CCFDDD58-A55C-4A13-AFBB-AE1FDFABD272}.Debug|Any CPU.ActiveCfg = Debug|Any CPU
		{CCFDDD58-A55C-4A13-AFBB-AE1FDFABD272}.Debug|Any CPU.Build.0 = Debug|Any CPU
		{CCFDDD58-A55C-4A13-AFBB-AE1FDFABD272}.Release|Any CPU.ActiveCfg = Release|Any CPU
		{CCFDDD58-A55C-4A13-AFBB-AE1FDFABD272}.Release|Any CPU.Build.0 = Release|Any CPU
		{4E74C6E0-535D-4795-AFE0-C8B35670C0C8}.Debug|Any CPU.ActiveCfg = Debug|Any CPU
		{4E74C6E0-535D-4795-AFE0-C8B35670C0C8}.Debug|Any CPU.Build.0 = Debug|Any CPU
		{4E74C6E0-535D-4795-AFE0-C8B35670C0C8}.Release|Any CPU.ActiveCfg = Release|Any CPU
		{4E74C6E0-535D-4795-AFE0-C8B35670C0C8}.Release|Any CPU.Build.0 = Release|Any CPU
	EndGlobalSection
	GlobalSection(SolutionProperties) = preSolution
		HideSolutionNode = FALSE
	EndGlobalSection
	GlobalSection(ExtensibilityGlobals) = postSolution
		SolutionGuid = {9A8DCC84-A2C8-4339-A723-478F23958E6B}
	EndGlobalSection
EndGlobal
